Microsoft Visual Studio Solution File, Format Version 11.00
# Visual Studio 2008

Project("{30CDA0FE-17CC-2B87-7254-5DE05EA251A7}") = "160Gam Project", "Assembly-CSharp.csproj", "{B4FBDB04-DFC2-F857-87AA-2827D7392530}"
EndProject
Global
	GlobalSection(SolutionConfigurationPlatforms) = preSolution
		Debug|Any CPU = Debug|Any CPU
		Release|Any CPU = Release|Any CPU
	EndGlobalSection
	GlobalSection(ProjectConfigurationPlatforms) = postSolution
		{B4FBDB04-DFC2-F857-87AA-2827D7392530}.Debug|Any CPU.ActiveCfg = Debug|Any CPU
		{B4FBDB04-DFC2-F857-87AA-2827D7392530}.Debug|Any CPU.Build.0 = Debug|Any CPU
		{B4FBDB04-DFC2-F857-87AA-2827D7392530}.Release|Any CPU.ActiveCfg = Release|Any CPU
		{B4FBDB04-DFC2-F857-87AA-2827D7392530}.Release|Any CPU.Build.0 = Release|Any CPU
	EndGlobalSection
	GlobalSection(SolutionProperties) = preSolution
		HideSolutionNode = FALSE
	EndGlobalSection
	GlobalSection(MonoDevelopProperties) = preSolution
		StartupItem = Assembly-CSharp.csproj
	EndGlobalSection
EndGlobal
